
Microsoft Visual Studio Solution File, Format Version 12.00
# Visual Studio Version 17
VisualStudioVersion = 17.3.32922.545
MinimumVisualStudioVersion = 10.0.40219.1
Project("{FAE04EC0-301F-11D3-BF4B-00C04F79EFBC}") = "Program1043", "Program1043\Program1043.csproj", "{9BE0EBF5-2BFC-4FCD-9FFC-437CB42232AC}"
EndProject
Global
	GlobalSection(SolutionConfigurationPlatforms) = preSolution
		Debug|Any CPU = Debug|Any CPU
		Release|Any CPU = Release|Any CPU
	EndGlobalSection
	GlobalSection(ProjectConfigurationPlatforms) = postSolution
		{9BE0EBF5-2BFC-4FCD-9FFC-437CB42232AC}.Debug|Any CPU.ActiveCfg = Debug|Any CPU
		{9BE0EBF5-2BFC-4FCD-9FFC-437CB42232AC}.Debug|Any CPU.Build.0 = Debug|Any CPU
		{9BE0EBF5-2BFC-4FCD-9FFC-437CB42232AC}.Release|Any CPU.ActiveCfg = Release|Any CPU
		{9BE0EBF5-2BFC-4FCD-9FFC-437CB42232AC}.Release|Any CPU.Build.0 = Release|Any CPU
	EndGlobalSection
	GlobalSection(SolutionProperties) = preSolution
		HideSolutionNode = FALSE
	EndGlobalSection
	GlobalSection(ExtensibilityGlobals) = postSolution
		SolutionGuid = {DF2C9306-5409-4CC9-8122-88C4F07D5C35}
	EndGlobalSection
EndGlobal
