
Microsoft Visual Studio Solution File, Format Version 12.00
# Visual Studio Version 17
VisualStudioVersion = 17.3.32922.545
MinimumVisualStudioVersion = 10.0.40219.1
Project("{FAE04EC0-301F-11D3-BF4B-00C04F79EFBC}") = "Program1060", "Program1060\Program1060.csproj", "{133BD609-6D84-404C-B648-B0C9C2334B31}"
EndProject
Global
	GlobalSection(SolutionConfigurationPlatforms) = preSolution
		Debug|Any CPU = Debug|Any CPU
		Release|Any CPU = Release|Any CPU
	EndGlobalSection
	GlobalSection(ProjectConfigurationPlatforms) = postSolution
		{133BD609-6D84-404C-B648-B0C9C2334B31}.Debug|Any CPU.ActiveCfg = Debug|Any CPU
		{133BD609-6D84-404C-B648-B0C9C2334B31}.Debug|Any CPU.Build.0 = Debug|Any CPU
		{133BD609-6D84-404C-B648-B0C9C2334B31}.Release|Any CPU.ActiveCfg = Release|Any CPU
		{133BD609-6D84-404C-B648-B0C9C2334B31}.Release|Any CPU.Build.0 = Release|Any CPU
	EndGlobalSection
	GlobalSection(SolutionProperties) = preSolution
		HideSolutionNode = FALSE
	EndGlobalSection
	GlobalSection(ExtensibilityGlobals) = postSolution
		SolutionGuid = {26B2E3E5-DA19-433B-824C-46B4DD0AD7BF}
	EndGlobalSection
EndGlobal
