
Microsoft Visual Studio Solution File, Format Version 12.00
# Visual Studio Version 17
VisualStudioVersion = 17.3.32922.545
MinimumVisualStudioVersion = 10.0.40219.1
Project("{FAE04EC0-301F-11D3-BF4B-00C04F79EFBC}") = "Program1049", "Program1049\Program1049.csproj", "{2DF38038-5683-4E97-81C6-16C4F719C335}"
EndProject
Global
	GlobalSection(SolutionConfigurationPlatforms) = preSolution
		Debug|Any CPU = Debug|Any CPU
		Release|Any CPU = Release|Any CPU
	EndGlobalSection
	GlobalSection(ProjectConfigurationPlatforms) = postSolution
		{2DF38038-5683-4E97-81C6-16C4F719C335}.Debug|Any CPU.ActiveCfg = Debug|Any CPU
		{2DF38038-5683-4E97-81C6-16C4F719C335}.Debug|Any CPU.Build.0 = Debug|Any CPU
		{2DF38038-5683-4E97-81C6-16C4F719C335}.Release|Any CPU.ActiveCfg = Release|Any CPU
		{2DF38038-5683-4E97-81C6-16C4F719C335}.Release|Any CPU.Build.0 = Release|Any CPU
	EndGlobalSection
	GlobalSection(SolutionProperties) = preSolution
		HideSolutionNode = FALSE
	EndGlobalSection
	GlobalSection(ExtensibilityGlobals) = postSolution
		SolutionGuid = {E765E1C7-1A0B-426B-BDE5-6AF591B0910E}
	EndGlobalSection
EndGlobal
