
Microsoft Visual Studio Solution File, Format Version 12.00
# Visual Studio Version 17
VisualStudioVersion = 17.3.32922.545
MinimumVisualStudioVersion = 10.0.40219.1
Project("{FAE04EC0-301F-11D3-BF4B-00C04F79EFBC}") = "Program1070", "Program1070\Program1070.csproj", "{9D425CF3-DB3A-47BE-B58F-5115373185F4}"
EndProject
Global
	GlobalSection(SolutionConfigurationPlatforms) = preSolution
		Debug|Any CPU = Debug|Any CPU
		Release|Any CPU = Release|Any CPU
	EndGlobalSection
	GlobalSection(ProjectConfigurationPlatforms) = postSolution
		{9D425CF3-DB3A-47BE-B58F-5115373185F4}.Debug|Any CPU.ActiveCfg = Debug|Any CPU
		{9D425CF3-DB3A-47BE-B58F-5115373185F4}.Debug|Any CPU.Build.0 = Debug|Any CPU
		{9D425CF3-DB3A-47BE-B58F-5115373185F4}.Release|Any CPU.ActiveCfg = Release|Any CPU
		{9D425CF3-DB3A-47BE-B58F-5115373185F4}.Release|Any CPU.Build.0 = Release|Any CPU
	EndGlobalSection
	GlobalSection(SolutionProperties) = preSolution
		HideSolutionNode = FALSE
	EndGlobalSection
	GlobalSection(ExtensibilityGlobals) = postSolution
		SolutionGuid = {35CABEC1-5178-4396-B8A4-7033084CCC2D}
	EndGlobalSection
EndGlobal
