
Microsoft Visual Studio Solution File, Format Version 12.00
# Visual Studio Version 17
VisualStudioVersion = 17.3.32922.545
MinimumVisualStudioVersion = 10.0.40219.1
Project("{FAE04EC0-301F-11D3-BF4B-00C04F79EFBC}") = "Program1048", "Program1048\Program1048.csproj", "{608D6B09-54CC-4EA0-A361-27B15E7D804C}"
EndProject
Global
	GlobalSection(SolutionConfigurationPlatforms) = preSolution
		Debug|Any CPU = Debug|Any CPU
		Release|Any CPU = Release|Any CPU
	EndGlobalSection
	GlobalSection(ProjectConfigurationPlatforms) = postSolution
		{608D6B09-54CC-4EA0-A361-27B15E7D804C}.Debug|Any CPU.ActiveCfg = Debug|Any CPU
		{608D6B09-54CC-4EA0-A361-27B15E7D804C}.Debug|Any CPU.Build.0 = Debug|Any CPU
		{608D6B09-54CC-4EA0-A361-27B15E7D804C}.Release|Any CPU.ActiveCfg = Release|Any CPU
		{608D6B09-54CC-4EA0-A361-27B15E7D804C}.Release|Any CPU.Build.0 = Release|Any CPU
	EndGlobalSection
	GlobalSection(SolutionProperties) = preSolution
		HideSolutionNode = FALSE
	EndGlobalSection
	GlobalSection(ExtensibilityGlobals) = postSolution
		SolutionGuid = {ED12499D-A5D8-47DC-AB8C-B6EA53D08454}
	EndGlobalSection
EndGlobal
