
Microsoft Visual Studio Solution File, Format Version 12.00
# Visual Studio Version 17
VisualStudioVersion = 17.3.32922.545
MinimumVisualStudioVersion = 10.0.40219.1
Project("{FAE04EC0-301F-11D3-BF4B-00C04F79EFBC}") = "Day", "Day\Day.csproj", "{12F58EAE-164B-47F3-AF23-E08E9DD4B1A6}"
EndProject
Global
	GlobalSection(SolutionConfigurationPlatforms) = preSolution
		Debug|Any CPU = Debug|Any CPU
		Release|Any CPU = Release|Any CPU
	EndGlobalSection
	GlobalSection(ProjectConfigurationPlatforms) = postSolution
		{12F58EAE-164B-47F3-AF23-E08E9DD4B1A6}.Debug|Any CPU.ActiveCfg = Debug|Any CPU
		{12F58EAE-164B-47F3-AF23-E08E9DD4B1A6}.Debug|Any CPU.Build.0 = Debug|Any CPU
		{12F58EAE-164B-47F3-AF23-E08E9DD4B1A6}.Release|Any CPU.ActiveCfg = Release|Any CPU
		{12F58EAE-164B-47F3-AF23-E08E9DD4B1A6}.Release|Any CPU.Build.0 = Release|Any CPU
	EndGlobalSection
	GlobalSection(SolutionProperties) = preSolution
		HideSolutionNode = FALSE
	EndGlobalSection
	GlobalSection(ExtensibilityGlobals) = postSolution
		SolutionGuid = {A8B65FAB-1AA9-4AE2-BA8D-CF964B7541A2}
	EndGlobalSection
EndGlobal
